// !$*UTF8*$!
{
	archiveVersion = 1;
	classes = {
	};
	objectVersion = 46;
	objects = {

/* Begin PBXBuildFile section */
		4E19546370E587E4E73BCEC1 /* Pods_Restock.framework in Frameworks */ = {isa = PBXBuildFile; fileRef = 9506398EAE41699D747D0C34 /* Pods_Restock.framework */; settings = {ATTRIBUTES = (Weak, ); }; };
		A68F6ACC1BBED76800B63DB5 /* ScanditBarcodeScanner.framework in Frameworks */ = {isa = PBXBuildFile; fileRef = A68F6ACB1BBED76800B63DB5 /* ScanditBarcodeScanner.framework */; settings = {ASSET_TAGS = (); }; };
		A68F6ACF1BBEDC5900B63DB5 /* ScanditBarcodeScanner.bundle in Resources */ = {isa = PBXBuildFile; fileRef = A68F6ACE1BBEDC5900B63DB5 /* ScanditBarcodeScanner.bundle */; settings = {ASSET_TAGS = (); }; };
		A68F6AD21BBEDC7F00B63DB5 /* OpenGLES.framework in Frameworks */ = {isa = PBXBuildFile; fileRef = A68F6AD11BBEDC7F00B63DB5 /* OpenGLES.framework */; };
		A68F6AD41BBEDC8B00B63DB5 /* libc++.tbd in Frameworks */ = {isa = PBXBuildFile; fileRef = A68F6AD31BBEDC8B00B63DB5 /* libc++.tbd */; };
		A68F6AD61BBEDC9500B63DB5 /* libiconv.tbd in Frameworks */ = {isa = PBXBuildFile; fileRef = A68F6AD51BBEDC9500B63DB5 /* libiconv.tbd */; };
		A68F6AD81BBEDC9E00B63DB5 /* MessageUI.framework in Frameworks */ = {isa = PBXBuildFile; fileRef = A68F6AD71BBEDC9E00B63DB5 /* MessageUI.framework */; };
		A68F6ADA1BBEDCA700B63DB5 /* CoreVideo.framework in Frameworks */ = {isa = PBXBuildFile; fileRef = A68F6AD91BBEDCA700B63DB5 /* CoreVideo.framework */; };
		A68F6ADC1BBEDCB000B63DB5 /* CoreGraphics.framework in Frameworks */ = {isa = PBXBuildFile; fileRef = A68F6ADB1BBEDCB000B63DB5 /* CoreGraphics.framework */; };
		A68F6ADE1BBEDCB900B63DB5 /* AudioToolbox.framework in Frameworks */ = {isa = PBXBuildFile; fileRef = A68F6ADD1BBEDCB900B63DB5 /* AudioToolbox.framework */; };
		A68F6AE01BBEDCC100B63DB5 /* libz.tbd in Frameworks */ = {isa = PBXBuildFile; fileRef = A68F6ADF1BBEDCC100B63DB5 /* libz.tbd */; };
		A68F6AE21BBEDCC900B63DB5 /* AVFoundation.framework in Frameworks */ = {isa = PBXBuildFile; fileRef = A68F6AE11BBEDCC900B63DB5 /* AVFoundation.framework */; };
		A68F6AE41BBEDCD000B63DB5 /* CoreMedia.framework in Frameworks */ = {isa = PBXBuildFile; fileRef = A68F6AE31BBEDCD000B63DB5 /* CoreMedia.framework */; };
		A68F6AE61BBEDCD500B63DB5 /* QuartzCore.framework in Frameworks */ = {isa = PBXBuildFile; fileRef = A68F6AE51BBEDCD500B63DB5 /* QuartzCore.framework */; };
		A68F6AE81BBEDCDC00B63DB5 /* CoreLocation.framework in Frameworks */ = {isa = PBXBuildFile; fileRef = A68F6AE71BBEDCDC00B63DB5 /* CoreLocation.framework */; };
		A68F6AEA1BBEDCE100B63DB5 /* SystemConfiguration.framework in Frameworks */ = {isa = PBXBuildFile; fileRef = A68F6AE91BBEDCE100B63DB5 /* SystemConfiguration.framework */; };
		A68F6AF41BBEEE8E00B63DB5 /* CurrentScanViewController.swift in Sources */ = {isa = PBXBuildFile; fileRef = A68F6AF31BBEEE8E00B63DB5 /* CurrentScanViewController.swift */; settings = {ASSET_TAGS = (); }; };
		A68F6AF71BBF06B400B63DB5 /* Product.swift in Sources */ = {isa = PBXBuildFile; fileRef = A68F6AF61BBF06B400B63DB5 /* Product.swift */; settings = {ASSET_TAGS = (); }; };
		A68F6AF91BBF08D500B63DB5 /* WunderlistClient.swift in Sources */ = {isa = PBXBuildFile; fileRef = A68F6AF81BBF08D500B63DB5 /* WunderlistClient.swift */; settings = {ASSET_TAGS = (); }; };
		A68F6AFD1BBF215900B63DB5 /* UPCClient.swift in Sources */ = {isa = PBXBuildFile; fileRef = A68F6AFC1BBF215900B63DB5 /* UPCClient.swift */; settings = {ASSET_TAGS = (); }; };
		A68F6B021BBF241E00B63DB5 /* UIView+RoundedCorners.m in Sources */ = {isa = PBXBuildFile; fileRef = A68F6B011BBF241E00B63DB5 /* UIView+RoundedCorners.m */; settings = {ASSET_TAGS = (); }; };
		A68F6B061BBF4CAA00B63DB5 /* RecommendationHeaderView.swift in Sources */ = {isa = PBXBuildFile; fileRef = A68F6B051BBF4CAA00B63DB5 /* RecommendationHeaderView.swift */; settings = {ASSET_TAGS = (); }; };
		A68F6B081BBF56B700B63DB5 /* MoreViewController.swift in Sources */ = {isa = PBXBuildFile; fileRef = A68F6B071BBF56B700B63DB5 /* MoreViewController.swift */; settings = {ASSET_TAGS = (); }; };
		A6D0103E1BBEC87D00D40C19 /* AppDelegate.swift in Sources */ = {isa = PBXBuildFile; fileRef = A6D0103D1BBEC87D00D40C19 /* AppDelegate.swift */; };
		A6D010401BBEC87D00D40C19 /* ScanViewController.swift in Sources */ = {isa = PBXBuildFile; fileRef = A6D0103F1BBEC87D00D40C19 /* ScanViewController.swift */; };
		A6D010451BBEC87D00D40C19 /* Assets.xcassets in Resources */ = {isa = PBXBuildFile; fileRef = A6D010441BBEC87D00D40C19 /* Assets.xcassets */; };
		A6D010481BBEC87D00D40C19 /* LaunchScreen.storyboard in Resources */ = {isa = PBXBuildFile; fileRef = A6D010461BBEC87D00D40C19 /* LaunchScreen.storyboard */; };
		C32C595D1BBED1E600171E3D /* Constants.swift in Sources */ = {isa = PBXBuildFile; fileRef = C32C595C1BBED1E600171E3D /* Constants.swift */; settings = {ASSET_TAGS = (); }; };
		C3D54CE51BBECB2200215034 /* SetupViewController.swift in Sources */ = {isa = PBXBuildFile; fileRef = C3D54CE41BBECB2200215034 /* SetupViewController.swift */; settings = {ASSET_TAGS = (); }; };
/* End PBXBuildFile section */

/* Begin PBXFileReference section */
		410BE11F328E0A6561385C68 /* Pods-Restock.debug.xcconfig */ = {isa = PBXFileReference; includeInIndex = 1; lastKnownFileType = text.xcconfig; name = "Pods-Restock.debug.xcconfig"; path = "Pods/Target Support Files/Pods-Restock/Pods-Restock.debug.xcconfig"; sourceTree = "<group>"; };
		793639D5BF1BA944ED986DC6 /* Pods-Restock.release.xcconfig */ = {isa = PBXFileReference; includeInIndex = 1; lastKnownFileType = text.xcconfig; name = "Pods-Restock.release.xcconfig"; path = "Pods/Target Support Files/Pods-Restock/Pods-Restock.release.xcconfig"; sourceTree = "<group>"; };
		9506398EAE41699D747D0C34 /* Pods_Restock.framework */ = {isa = PBXFileReference; explicitFileType = wrapper.framework; includeInIndex = 0; path = Pods_Restock.framework; sourceTree = BUILT_PRODUCTS_DIR; };
		A68F6ACB1BBED76800B63DB5 /* ScanditBarcodeScanner.framework */ = {isa = PBXFileReference; lastKnownFileType = wrapper.framework; path = ScanditBarcodeScanner.framework; sourceTree = "<group>"; };
		A68F6ACD1BBED7B500B63DB5 /* Restock-Bridging-Header.h */ = {isa = PBXFileReference; lastKnownFileType = sourcecode.c.h; path = "Restock-Bridging-Header.h"; sourceTree = "<group>"; };
		A68F6ACE1BBEDC5900B63DB5 /* ScanditBarcodeScanner.bundle */ = {isa = PBXFileReference; lastKnownFileType = "wrapper.plug-in"; name = ScanditBarcodeScanner.bundle; path = ScanditBarcodeScanner.framework/Resources/ScanditBarcodeScanner.bundle; sourceTree = "<group>"; };
		A68F6AD11BBEDC7F00B63DB5 /* OpenGLES.framework */ = {isa = PBXFileReference; lastKnownFileType = wrapper.framework; name = OpenGLES.framework; path = System/Library/Frameworks/OpenGLES.framework; sourceTree = SDKROOT; };
		A68F6AD31BBEDC8B00B63DB5 /* libc++.tbd */ = {isa = PBXFileReference; lastKnownFileType = "sourcecode.text-based-dylib-definition"; name = "libc++.tbd"; path = "usr/lib/libc++.tbd"; sourceTree = SDKROOT; };
		A68F6AD51BBEDC9500B63DB5 /* libiconv.tbd */ = {isa = PBXFileReference; lastKnownFileType = "sourcecode.text-based-dylib-definition"; name = libiconv.tbd; path = usr/lib/libiconv.tbd; sourceTree = SDKROOT; };
		A68F6AD71BBEDC9E00B63DB5 /* MessageUI.framework */ = {isa = PBXFileReference; lastKnownFileType = wrapper.framework; name = MessageUI.framework; path = System/Library/Frameworks/MessageUI.framework; sourceTree = SDKROOT; };
		A68F6AD91BBEDCA700B63DB5 /* CoreVideo.framework */ = {isa = PBXFileReference; lastKnownFileType = wrapper.framework; name = CoreVideo.framework; path = System/Library/Frameworks/CoreVideo.framework; sourceTree = SDKROOT; };
		A68F6ADB1BBEDCB000B63DB5 /* CoreGraphics.framework */ = {isa = PBXFileReference; lastKnownFileType = wrapper.framework; name = CoreGraphics.framework; path = System/Library/Frameworks/CoreGraphics.framework; sourceTree = SDKROOT; };
		A68F6ADD1BBEDCB900B63DB5 /* AudioToolbox.framework */ = {isa = PBXFileReference; lastKnownFileType = wrapper.framework; name = AudioToolbox.framework; path = System/Library/Frameworks/AudioToolbox.framework; sourceTree = SDKROOT; };
		A68F6ADF1BBEDCC100B63DB5 /* libz.tbd */ = {isa = PBXFileReference; lastKnownFileType = "sourcecode.text-based-dylib-definition"; name = libz.tbd; path = usr/lib/libz.tbd; sourceTree = SDKROOT; };
		A68F6AE11BBEDCC900B63DB5 /* AVFoundation.framework */ = {isa = PBXFileReference; lastKnownFileType = wrapper.framework; name = AVFoundation.framework; path = System/Library/Frameworks/AVFoundation.framework; sourceTree = SDKROOT; };
		A68F6AE31BBEDCD000B63DB5 /* CoreMedia.framework */ = {isa = PBXFileReference; lastKnownFileType = wrapper.framework; name = CoreMedia.framework; path = System/Library/Frameworks/CoreMedia.framework; sourceTree = SDKROOT; };
		A68F6AE51BBEDCD500B63DB5 /* QuartzCore.framework */ = {isa = PBXFileReference; lastKnownFileType = wrapper.framework; name = QuartzCore.framework; path = System/Library/Frameworks/QuartzCore.framework; sourceTree = SDKROOT; };
		A68F6AE71BBEDCDC00B63DB5 /* CoreLocation.framework */ = {isa = PBXFileReference; lastKnownFileType = wrapper.framework; name = CoreLocation.framework; path = System/Library/Frameworks/CoreLocation.framework; sourceTree = SDKROOT; };
		A68F6AE91BBEDCE100B63DB5 /* SystemConfiguration.framework */ = {isa = PBXFileReference; lastKnownFileType = wrapper.framework; name = SystemConfiguration.framework; path = System/Library/Frameworks/SystemConfiguration.framework; sourceTree = SDKROOT; };
		A68F6AF31BBEEE8E00B63DB5 /* CurrentScanViewController.swift */ = {isa = PBXFileReference; fileEncoding = 4; lastKnownFileType = sourcecode.swift; path = CurrentScanViewController.swift; sourceTree = "<group>"; };
		A68F6AF61BBF06B400B63DB5 /* Product.swift */ = {isa = PBXFileReference; fileEncoding = 4; lastKnownFileType = sourcecode.swift; path = Product.swift; sourceTree = "<group>"; };
		A68F6AF81BBF08D500B63DB5 /* WunderlistClient.swift */ = {isa = PBXFileReference; fileEncoding = 4; lastKnownFileType = sourcecode.swift; path = WunderlistClient.swift; sourceTree = "<group>"; };
		A68F6AFC1BBF215900B63DB5 /* UPCClient.swift */ = {isa = PBXFileReference; fileEncoding = 4; lastKnownFileType = sourcecode.swift; path = UPCClient.swift; sourceTree = "<group>"; };
		A68F6B001BBF241E00B63DB5 /* UIView+RoundedCorners.h */ = {isa = PBXFileReference; fileEncoding = 4; lastKnownFileType = sourcecode.c.h; path = "UIView+RoundedCorners.h"; sourceTree = "<group>"; };
		A68F6B011BBF241E00B63DB5 /* UIView+RoundedCorners.m */ = {isa = PBXFileReference; fileEncoding = 4; lastKnownFileType = sourcecode.c.objc; path = "UIView+RoundedCorners.m"; sourceTree = "<group>"; };
		A68F6B051BBF4CAA00B63DB5 /* RecommendationHeaderView.swift */ = {isa = PBXFileReference; fileEncoding = 4; lastKnownFileType = sourcecode.swift; path = RecommendationHeaderView.swift; sourceTree = "<group>"; };
		A68F6B071BBF56B700B63DB5 /* MoreViewController.swift */ = {isa = PBXFileReference; fileEncoding = 4; lastKnownFileType = sourcecode.swift; path = MoreViewController.swift; sourceTree = "<group>"; };
		A6D0103A1BBEC87D00D40C19 /* Restock.app */ = {isa = PBXFileReference; explicitFileType = wrapper.application; includeInIndex = 0; path = Restock.app; sourceTree = BUILT_PRODUCTS_DIR; };
		A6D0103D1BBEC87D00D40C19 /* AppDelegate.swift */ = {isa = PBXFileReference; lastKnownFileType = sourcecode.swift; path = AppDelegate.swift; sourceTree = "<group>"; };
		A6D0103F1BBEC87D00D40C19 /* ScanViewController.swift */ = {isa = PBXFileReference; lastKnownFileType = sourcecode.swift; path = ScanViewController.swift; sourceTree = "<group>"; };
		A6D010441BBEC87D00D40C19 /* Assets.xcassets */ = {isa = PBXFileReference; lastKnownFileType = folder.assetcatalog; path = Assets.xcassets; sourceTree = "<group>"; };
		A6D010471BBEC87D00D40C19 /* Base */ = {isa = PBXFileReference; lastKnownFileType = file.storyboard; name = Base; path = Base.lproj/LaunchScreen.storyboard; sourceTree = "<group>"; };
		A6D010491BBEC87D00D40C19 /* Info.plist */ = {isa = PBXFileReference; lastKnownFileType = text.plist.xml; path = Info.plist; sourceTree = "<group>"; };
		C32C595C1BBED1E600171E3D /* Constants.swift */ = {isa = PBXFileReference; fileEncoding = 4; lastKnownFileType = sourcecode.swift; path = Constants.swift; sourceTree = "<group>"; };
		C3D54CE41BBECB2200215034 /* SetupViewController.swift */ = {isa = PBXFileReference; fileEncoding = 4; lastKnownFileType = sourcecode.swift; path = SetupViewController.swift; sourceTree = "<group>"; };
/* End PBXFileReference section */

/* Begin PBXFrameworksBuildPhase section */
		A6D010371BBEC87D00D40C19 /* Frameworks */ = {
			isa = PBXFrameworksBuildPhase;
			buildActionMask = 2147483647;
			files = (
				A68F6AEA1BBEDCE100B63DB5 /* SystemConfiguration.framework in Frameworks */,
				A68F6AE81BBEDCDC00B63DB5 /* CoreLocation.framework in Frameworks */,
				A68F6AE61BBEDCD500B63DB5 /* QuartzCore.framework in Frameworks */,
				A68F6AE41BBEDCD000B63DB5 /* CoreMedia.framework in Frameworks */,
				A68F6AE21BBEDCC900B63DB5 /* AVFoundation.framework in Frameworks */,
				A68F6AE01BBEDCC100B63DB5 /* libz.tbd in Frameworks */,
				A68F6ADE1BBEDCB900B63DB5 /* AudioToolbox.framework in Frameworks */,
				A68F6ADC1BBEDCB000B63DB5 /* CoreGraphics.framework in Frameworks */,
				A68F6ADA1BBEDCA700B63DB5 /* CoreVideo.framework in Frameworks */,
				A68F6AD81BBEDC9E00B63DB5 /* MessageUI.framework in Frameworks */,
				A68F6AD61BBEDC9500B63DB5 /* libiconv.tbd in Frameworks */,
				A68F6AD41BBEDC8B00B63DB5 /* libc++.tbd in Frameworks */,
				A68F6AD21BBEDC7F00B63DB5 /* OpenGLES.framework in Frameworks */,
				4E19546370E587E4E73BCEC1 /* Pods_Restock.framework in Frameworks */,
				A68F6ACC1BBED76800B63DB5 /* ScanditBarcodeScanner.framework in Frameworks */,
			);
			runOnlyForDeploymentPostprocessing = 0;
		};
/* End PBXFrameworksBuildPhase section */

/* Begin PBXGroup section */
		2D58964A50BC8C1D4A89C80A /* Frameworks */ = {
			isa = PBXGroup;
			children = (
				A68F6AE91BBEDCE100B63DB5 /* SystemConfiguration.framework */,
				A68F6AE71BBEDCDC00B63DB5 /* CoreLocation.framework */,
				A68F6AE51BBEDCD500B63DB5 /* QuartzCore.framework */,
				A68F6AE31BBEDCD000B63DB5 /* CoreMedia.framework */,
				A68F6AE11BBEDCC900B63DB5 /* AVFoundation.framework */,
				A68F6ADF1BBEDCC100B63DB5 /* libz.tbd */,
				A68F6ADD1BBEDCB900B63DB5 /* AudioToolbox.framework */,
				A68F6ADB1BBEDCB000B63DB5 /* CoreGraphics.framework */,
				A68F6AD91BBEDCA700B63DB5 /* CoreVideo.framework */,
				A68F6AD71BBEDC9E00B63DB5 /* MessageUI.framework */,
				A68F6AD51BBEDC9500B63DB5 /* libiconv.tbd */,
				A68F6AD31BBEDC8B00B63DB5 /* libc++.tbd */,
				A68F6AD11BBEDC7F00B63DB5 /* OpenGLES.framework */,
				9506398EAE41699D747D0C34 /* Pods_Restock.framework */,
			);
			name = Frameworks;
			sourceTree = "<group>";
		};
		A68F6AD01BBEDC5E00B63DB5 /* Scandit */ = {
			isa = PBXGroup;
			children = (
				A68F6ACE1BBEDC5900B63DB5 /* ScanditBarcodeScanner.bundle */,
				A68F6ACB1BBED76800B63DB5 /* ScanditBarcodeScanner.framework */,
			);
			name = Scandit;
			sourceTree = "<group>";
		};
		A68F6AF51BBF069F00B63DB5 /* Model */ = {
			isa = PBXGroup;
			children = (
				A68F6AF61BBF06B400B63DB5 /* Product.swift */,
			);
			name = Model;
			sourceTree = "<group>";
		};
		A68F6AFE1BBF216000B63DB5 /* Clients */ = {
			isa = PBXGroup;
			children = (
				A68F6AF81BBF08D500B63DB5 /* WunderlistClient.swift */,
				A68F6AFC1BBF215900B63DB5 /* UPCClient.swift */,
			);
			name = Clients;
			sourceTree = "<group>";
		};
		A68F6AFF1BBF240200B63DB5 /* Helpers */ = {
			isa = PBXGroup;
			children = (
				C32C595C1BBED1E600171E3D /* Constants.swift */,
				A68F6ACD1BBED7B500B63DB5 /* Restock-Bridging-Header.h */,
				A68F6B001BBF241E00B63DB5 /* UIView+RoundedCorners.h */,
				A68F6B011BBF241E00B63DB5 /* UIView+RoundedCorners.m */,
			);
			name = Helpers;
			sourceTree = "<group>";
		};
		A68F6B031BBF248200B63DB5 /* Views */ = {
			isa = PBXGroup;
			children = (
				A68F6B051BBF4CAA00B63DB5 /* RecommendationHeaderView.swift */,
			);
			name = Views;
			sourceTree = "<group>";
		};
		A68F6B041BBF248800B63DB5 /* Controllers */ = {
			isa = PBXGroup;
			children = (
				A68F6AF31BBEEE8E00B63DB5 /* CurrentScanViewController.swift */,
				A6D0103F1BBEC87D00D40C19 /* ScanViewController.swift */,
				C3D54CE41BBECB2200215034 /* SetupViewController.swift */,
				A68F6B071BBF56B700B63DB5 /* MoreViewController.swift */,
			);
			name = Controllers;
			sourceTree = "<group>";
		};
		A6D010311BBEC87D00D40C19 = {
			isa = PBXGroup;
			children = (
				A6D0103C1BBEC87D00D40C19 /* Restock */,
				A6D0103B1BBEC87D00D40C19 /* Products */,
				F62EC843BA26D0CE19B24F92 /* Pods */,
				2D58964A50BC8C1D4A89C80A /* Frameworks */,
			);
			sourceTree = "<group>";
		};
		A6D0103B1BBEC87D00D40C19 /* Products */ = {
			isa = PBXGroup;
			children = (
				A6D0103A1BBEC87D00D40C19 /* Restock.app */,
			);
			name = Products;
			sourceTree = "<group>";
		};
		A6D0103C1BBEC87D00D40C19 /* Restock */ = {
			isa = PBXGroup;
			children = (
				A68F6AFF1BBF240200B63DB5 /* Helpers */,
				A68F6AFE1BBF216000B63DB5 /* Clients */,
				A68F6AF51BBF069F00B63DB5 /* Model */,
				A68F6AD01BBEDC5E00B63DB5 /* Scandit */,
				A6D0103D1BBEC87D00D40C19 /* AppDelegate.swift */,
				A68F6B041BBF248800B63DB5 /* Controllers */,
				A68F6B031BBF248200B63DB5 /* Views */,
				A6D010441BBEC87D00D40C19 /* Assets.xcassets */,
				A6D010461BBEC87D00D40C19 /* LaunchScreen.storyboard */,
				A6D010491BBEC87D00D40C19 /* Info.plist */,
			);
			path = Restock;
			sourceTree = "<group>";
		};
		F62EC843BA26D0CE19B24F92 /* Pods */ = {
			isa = PBXGroup;
			children = (
				410BE11F328E0A6561385C68 /* Pods-Restock.debug.xcconfig */,
				793639D5BF1BA944ED986DC6 /* Pods-Restock.release.xcconfig */,
			);
			name = Pods;
			sourceTree = "<group>";
		};
/* End PBXGroup section */

/* Begin PBXNativeTarget section */
		A6D010391BBEC87D00D40C19 /* Restock */ = {
			isa = PBXNativeTarget;
			buildConfigurationList = A6D0104C1BBEC87D00D40C19 /* Build configuration list for PBXNativeTarget "Restock" */;
			buildPhases = (
				CB010535071AC126388DC649 /* Check Pods Manifest.lock */,
				A6D010361BBEC87D00D40C19 /* Sources */,
				A6D010371BBEC87D00D40C19 /* Frameworks */,
				A6D010381BBEC87D00D40C19 /* Resources */,
				974E26F7094E70B1160E0E29 /* Embed Pods Frameworks */,
				9B6D3ACC3B9A4E2F201B543D /* Copy Pods Resources */,
			);
			buildRules = (
			);
			dependencies = (
			);
			name = Restock;
			productName = Restock;
			productReference = A6D0103A1BBEC87D00D40C19 /* Restock.app */;
			productType = "com.apple.product-type.application";
		};
/* End PBXNativeTarget section */

/* Begin PBXProject section */
		A6D010321BBEC87D00D40C19 /* Project object */ = {
			isa = PBXProject;
			attributes = {
				LastUpgradeCheck = 0700;
				ORGANIZATIONNAME = "Niklas Riekenbrauck";
				TargetAttributes = {
					A6D010391BBEC87D00D40C19 = {
						CreatedOnToolsVersion = 7.0;
					};
				};
			};
			buildConfigurationList = A6D010351BBEC87D00D40C19 /* Build configuration list for PBXProject "Restock" */;
			compatibilityVersion = "Xcode 3.2";
			developmentRegion = English;
			hasScannedForEncodings = 0;
			knownRegions = (
				en,
				Base,
			);
			mainGroup = A6D010311BBEC87D00D40C19;
			productRefGroup = A6D0103B1BBEC87D00D40C19 /* Products */;
			projectDirPath = "";
			projectRoot = "";
			targets = (
				A6D010391BBEC87D00D40C19 /* Restock */,
			);
		};
/* End PBXProject section */

/* Begin PBXResourcesBuildPhase section */
		A6D010381BBEC87D00D40C19 /* Resources */ = {
			isa = PBXResourcesBuildPhase;
			buildActionMask = 2147483647;
			files = (
				A6D010481BBEC87D00D40C19 /* LaunchScreen.storyboard in Resources */,
				A6D010451BBEC87D00D40C19 /* Assets.xcassets in Resources */,
				A68F6ACF1BBEDC5900B63DB5 /* ScanditBarcodeScanner.bundle in Resources */,
			);
			runOnlyForDeploymentPostprocessing = 0;
		};
/* End PBXResourcesBuildPhase section */

/* Begin PBXShellScriptBuildPhase section */
		974E26F7094E70B1160E0E29 /* Embed Pods Frameworks */ = {
			isa = PBXShellScriptBuildPhase;
			buildActionMask = 2147483647;
			files = (
			);
			inputPaths = (
			);
			name = "Embed Pods Frameworks";
			outputPaths = (
			);
			runOnlyForDeploymentPostprocessing = 0;
			shellPath = /bin/sh;
			shellScript = "\"${SRCROOT}/Pods/Target Support Files/Pods-Restock/Pods-Restock-frameworks.sh\"\n";
			showEnvVarsInLog = 0;
		};
		9B6D3ACC3B9A4E2F201B543D /* Copy Pods Resources */ = {
			isa = PBXShellScriptBuildPhase;
			buildActionMask = 2147483647;
			files = (
			);
			inputPaths = (
			);
			name = "Copy Pods Resources";
			outputPaths = (
			);
			runOnlyForDeploymentPostprocessing = 0;
			shellPath = /bin/sh;
			shellScript = "\"${SRCROOT}/Pods/Target Support Files/Pods-Restock/Pods-Restock-resources.sh\"\n";
			showEnvVarsInLog = 0;
		};
		CB010535071AC126388DC649 /* Check Pods Manifest.lock */ = {
			isa = PBXShellScriptBuildPhase;
			buildActionMask = 2147483647;
			files = (
			);
			inputPaths = (
			);
			name = "Check Pods Manifest.lock";
			outputPaths = (
			);
			runOnlyForDeploymentPostprocessing = 0;
			shellPath = /bin/sh;
			shellScript = "diff \"${PODS_ROOT}/../Podfile.lock\" \"${PODS_ROOT}/Manifest.lock\" > /dev/null\nif [[ $? != 0 ]] ; then\n    cat << EOM\nerror: The sandbox is not in sync with the Podfile.lock. Run 'pod install' or update your CocoaPods installation.\nEOM\n    exit 1\nfi\n";
			showEnvVarsInLog = 0;
		};
/* End PBXShellScriptBuildPhase section */

/* Begin PBXSourcesBuildPhase section */
		A6D010361BBEC87D00D40C19 /* Sources */ = {
			isa = PBXSourcesBuildPhase;
			buildActionMask = 2147483647;
			files = (
				A68F6AF41BBEEE8E00B63DB5 /* CurrentScanViewController.swift in Sources */,
				A68F6B061BBF4CAA00B63DB5 /* RecommendationHeaderView.swift in Sources */,
				A68F6B021BBF241E00B63DB5 /* UIView+RoundedCorners.m in Sources */,
				A68F6AF91BBF08D500B63DB5 /* WunderlistClient.swift in Sources */,
				A6D010401BBEC87D00D40C19 /* ScanViewController.swift in Sources */,
				C3D54CE51BBECB2200215034 /* SetupViewController.swift in Sources */,
				A6D0103E1BBEC87D00D40C19 /* AppDelegate.swift in Sources */,
				C32C595D1BBED1E600171E3D /* Constants.swift in Sources */,
				A68F6B081BBF56B700B63DB5 /* MoreViewController.swift in Sources */,
				A68F6AF71BBF06B400B63DB5 /* Product.swift in Sources */,
				A68F6AFD1BBF215900B63DB5 /* UPCClient.swift in Sources */,
			);
			runOnlyForDeploymentPostprocessing = 0;
		};
/* End PBXSourcesBuildPhase section */

/* Begin PBXVariantGroup section */
		A6D010461BBEC87D00D40C19 /* LaunchScreen.storyboard */ = {
			isa = PBXVariantGroup;
			children = (
				A6D010471BBEC87D00D40C19 /* Base */,
			);
			name = LaunchScreen.storyboard;
			sourceTree = "<group>";
		};
/* End PBXVariantGroup section */

/* Begin XCBuildConfiguration section */
		A6D0104A1BBEC87D00D40C19 /* Debug */ = {
			isa = XCBuildConfiguration;
			buildSettings = {
				ALWAYS_SEARCH_USER_PATHS = NO;
				CLANG_CXX_LANGUAGE_STANDARD = "gnu++0x";
				CLANG_CXX_LIBRARY = "libc++";
				CLANG_ENABLE_MODULES = YES;
				CLANG_ENABLE_OBJC_ARC = YES;
				CLANG_WARN_BOOL_CONVERSION = YES;
				CLANG_WARN_CONSTANT_CONVERSION = YES;
				CLANG_WARN_DIRECT_OBJC_ISA_USAGE = YES_ERROR;
				CLANG_WARN_EMPTY_BODY = YES;
				CLANG_WARN_ENUM_CONVERSION = YES;
				CLANG_WARN_INT_CONVERSION = YES;
				CLANG_WARN_OBJC_ROOT_CLASS = YES_ERROR;
				CLANG_WARN_UNREACHABLE_CODE = YES;
				CLANG_WARN__DUPLICATE_METHOD_MATCH = YES;
				"CODE_SIGN_IDENTITY[sdk=iphoneos*]" = "iPhone Developer";
				COPY_PHASE_STRIP = NO;
				DEBUG_INFORMATION_FORMAT = dwarf;
				ENABLE_STRICT_OBJC_MSGSEND = YES;
				ENABLE_TESTABILITY = YES;
				GCC_C_LANGUAGE_STANDARD = gnu99;
				GCC_DYNAMIC_NO_PIC = NO;
				GCC_NO_COMMON_BLOCKS = YES;
				GCC_OPTIMIZATION_LEVEL = 0;
				GCC_PREPROCESSOR_DEFINITIONS = (
					"DEBUG=1",
					"$(inherited)",
				);
				GCC_WARN_64_TO_32_BIT_CONVERSION = YES;
				GCC_WARN_ABOUT_RETURN_TYPE = YES_ERROR;
				GCC_WARN_UNDECLARED_SELECTOR = YES;
				GCC_WARN_UNINITIALIZED_AUTOS = YES_AGGRESSIVE;
				GCC_WARN_UNUSED_FUNCTION = YES;
				GCC_WARN_UNUSED_VARIABLE = YES;
				IPHONEOS_DEPLOYMENT_TARGET = 9.0;
				MTL_ENABLE_DEBUG_INFO = YES;
				ONLY_ACTIVE_ARCH = YES;
				SDKROOT = iphoneos;
				SWIFT_OPTIMIZATION_LEVEL = "-Onone";
			};
			name = Debug;
		};
		A6D0104B1BBEC87D00D40C19 /* Release */ = {
			isa = XCBuildConfiguration;
			buildSettings = {
				ALWAYS_SEARCH_USER_PATHS = NO;
				CLANG_CXX_LANGUAGE_STANDARD = "gnu++0x";
				CLANG_CXX_LIBRARY = "libc++";
				CLANG_ENABLE_MODULES = YES;
				CLANG_ENABLE_OBJC_ARC = YES;
				CLANG_WARN_BOOL_CONVERSION = YES;
				CLANG_WARN_CONSTANT_CONVERSION = YES;
				CLANG_WARN_DIRECT_OBJC_ISA_USAGE = YES_ERROR;
				CLANG_WARN_EMPTY_BODY = YES;
				CLANG_WARN_ENUM_CONVERSION = YES;
				CLANG_WARN_INT_CONVERSION = YES;
				CLANG_WARN_OBJC_ROOT_CLASS = YES_ERROR;
				CLANG_WARN_UNREACHABLE_CODE = YES;
				CLANG_WARN__DUPLICATE_METHOD_MATCH = YES;
				"CODE_SIGN_IDENTITY[sdk=iphoneos*]" = "iPhone Developer";
				COPY_PHASE_STRIP = NO;
				DEBUG_INFORMATION_FORMAT = "dwarf-with-dsym";
				ENABLE_NS_ASSERTIONS = NO;
				ENABLE_STRICT_OBJC_MSGSEND = YES;
				GCC_C_LANGUAGE_STANDARD = gnu99;
				GCC_NO_COMMON_BLOCKS = YES;
				GCC_WARN_64_TO_32_BIT_CONVERSION = YES;
				GCC_WARN_ABOUT_RETURN_TYPE = YES_ERROR;
				GCC_WARN_UNDECLARED_SELECTOR = YES;
				GCC_WARN_UNINITIALIZED_AUTOS = YES_AGGRESSIVE;
				GCC_WARN_UNUSED_FUNCTION = YES;
				GCC_WARN_UNUSED_VARIABLE = YES;
				IPHONEOS_DEPLOYMENT_TARGET = 9.0;
				MTL_ENABLE_DEBUG_INFO = NO;
				SDKROOT = iphoneos;
				VALIDATE_PRODUCT = YES;
			};
			name = Release;
		};
		A6D0104D1BBEC87D00D40C19 /* Debug */ = {
			isa = XCBuildConfiguration;
			baseConfigurationReference = 410BE11F328E0A6561385C68 /* Pods-Restock.debug.xcconfig */;
			buildSettings = {
				ASSETCATALOG_COMPILER_APPICON_NAME = AppIcon;
				ENABLE_BITCODE = NO;
				FRAMEWORK_SEARCH_PATHS = (
					"$(inherited)",
					"$(PROJECT_DIR)/Restock",
				);
				INFOPLIST_FILE = Restock/Info.plist;
				LD_RUNPATH_SEARCH_PATHS = "$(inherited) @executable_path/Frameworks";
				PRODUCT_BUNDLE_IDENTIFIER = com.restockio.Restock;
				PRODUCT_NAME = "$(TARGET_NAME)";
				SWIFT_OBJC_BRIDGING_HEADER = "Restock/Restock-Bridging-Header.h";
			};
			name = Debug;
		};
		A6D0104E1BBEC87D00D40C19 /* Release */ = {
			isa = XCBuildConfiguration;
			baseConfigurationReference = 793639D5BF1BA944ED986DC6 /* Pods-Restock.release.xcconfig */;
			buildSettings = {
				ASSETCATALOG_COMPILER_APPICON_NAME = AppIcon;
				ENABLE_BITCODE = NO;
				FRAMEWORK_SEARCH_PATHS = (
					"$(inherited)",
					"$(PROJECT_DIR)/Restock",
				);
				INFOPLIST_FILE = Restock/Info.plist;
				LD_RUNPATH_SEARCH_PATHS = "$(inherited) @executable_path/Frameworks";
				PRODUCT_BUNDLE_IDENTIFIER = com.restockio.Restock;
				PRODUCT_NAME = "$(TARGET_NAME)";
				SWIFT_OBJC_BRIDGING_HEADER = "Restock/Restock-Bridging-Header.h";
			};
			name = Release;
		};
/* End XCBuildConfiguration section */

/* Begin XCConfigurationList section */
		A6D010351BBEC87D00D40C19 /* Build configuration list for PBXProject "Restock" */ = {
			isa = XCConfigurationList;
			buildConfigurations = (
				A6D0104A1BBEC87D00D40C19 /* Debug */,
				A6D0104B1BBEC87D00D40C19 /* Release */,
			);
			defaultConfigurationIsVisible = 0;
			defaultConfigurationName = Release;
		};
		A6D0104C1BBEC87D00D40C19 /* Build configuration list for PBXNativeTarget "Restock" */ = {
			isa = XCConfigurationList;
			buildConfigurations = (
				A6D0104D1BBEC87D00D40C19 /* Debug */,
				A6D0104E1BBEC87D00D40C19 /* Release */,
			);
			defaultConfigurationIsVisible = 0;
			defaultConfigurationName = Release;
		};
/* End XCConfigurationList section */
	};
	rootObject = A6D010321BBEC87D00D40C19 /* Project object */;
}
