// !$*UTF8*$!
{
	archiveVersion = 1;
	classes = {
	};
	objectVersion = 46;
	objects = {

/* Begin PBXBuildFile section */
		79A12C091B0CD06800509B75 /* icon-settings.png in Resources */ = {isa = PBXBuildFile; fileRef = 79A12C081B0CD06800509B75 /* icon-settings.png */; };
		79A12C0B1B0E2D7200509B75 /* main.storyboard in Resources */ = {isa = PBXBuildFile; fileRef = 79A12C0A1B0E2D7200509B75 /* main.storyboard */; };
		79A12C111B0F093000509B75 /* TableViewController.m in Sources */ = {isa = PBXBuildFile; fileRef = 79A12C101B0F093000509B75 /* TableViewController.m */; };
		79A12C141B0F101D00509B75 /* BatchModeScanAppDelegate.m in Sources */ = {isa = PBXBuildFile; fileRef = 79A12C131B0F101D00509B75 /* BatchModeScanAppDelegate.m */; };
		79A485771B03594C00BC56FE /* MediaPlayer.framework in Frameworks */ = {isa = PBXBuildFile; fileRef = 79A485761B03594C00BC56FE /* MediaPlayer.framework */; };
		79B0BFA71B14982F000141EE /* AboutViewController.m in Sources */ = {isa = PBXBuildFile; fileRef = 79B0BFA61B14982F000141EE /* AboutViewController.m */; };
		79B5C5681B4C024800DA5F68 /* ScanditBarcodeScanner.bundle in Resources */ = {isa = PBXBuildFile; fileRef = 79B5C5671B4C024800DA5F68 /* ScanditBarcodeScanner.bundle */; };
		8421022B1611D2CE007A3DDA /* Default-568h@2x.png in Resources */ = {isa = PBXBuildFile; fileRef = 842102281611D2CE007A3DDA /* Default-568h@2x.png */; };
		8421022C1611D2CE007A3DDA /* Default.png in Resources */ = {isa = PBXBuildFile; fileRef = 842102291611D2CE007A3DDA /* Default.png */; };
		8421022D1611D2CE007A3DDA /* Default@2x.png in Resources */ = {isa = PBXBuildFile; fileRef = 8421022A1611D2CE007A3DDA /* Default@2x.png */; };
		847EAE2D17BD03BB002FFF80 /* CHANGELOG.txt in Resources */ = {isa = PBXBuildFile; fileRef = 847EAE1717BD03BB002FFF80 /* CHANGELOG.txt */; };
		847EAE3017BD03BB002FFF80 /* LICENSE-2.0.txt in Resources */ = {isa = PBXBuildFile; fileRef = 847EAE1A17BD03BB002FFF80 /* LICENSE-2.0.txt */; };
		84F4414B17B4E5910020BC08 /* Settings.bundle in Resources */ = {isa = PBXBuildFile; fileRef = 84F4414A17B4E5910020BC08 /* Settings.bundle */; };
		84F4416D17B4E7E90020BC08 /* IASKAppSettingsViewController.m in Sources */ = {isa = PBXBuildFile; fileRef = 84F4414F17B4E7E90020BC08 /* IASKAppSettingsViewController.m */; };
		84F4416E17B4E7E90020BC08 /* IASKAppSettingsWebViewController.m in Sources */ = {isa = PBXBuildFile; fileRef = 84F4415117B4E7E90020BC08 /* IASKAppSettingsWebViewController.m */; };
		84F4416F17B4E7E90020BC08 /* IASKSpecifierValuesViewController.m in Sources */ = {isa = PBXBuildFile; fileRef = 84F4415317B4E7E90020BC08 /* IASKSpecifierValuesViewController.m */; };
		84F4417017B4E7E90020BC08 /* IASKSettingsReader.m in Sources */ = {isa = PBXBuildFile; fileRef = 84F4415717B4E7E90020BC08 /* IASKSettingsReader.m */; };
		84F4417117B4E7E90020BC08 /* IASKSettingsStore.m in Sources */ = {isa = PBXBuildFile; fileRef = 84F4415917B4E7E90020BC08 /* IASKSettingsStore.m */; };
		84F4417217B4E7E90020BC08 /* IASKSettingsStoreFile.m in Sources */ = {isa = PBXBuildFile; fileRef = 84F4415B17B4E7E90020BC08 /* IASKSettingsStoreFile.m */; };
		84F4417317B4E7E90020BC08 /* IASKSettingsStoreUserDefaults.m in Sources */ = {isa = PBXBuildFile; fileRef = 84F4415D17B4E7E90020BC08 /* IASKSettingsStoreUserDefaults.m */; };
		84F4417417B4E7E90020BC08 /* IASKSpecifier.m in Sources */ = {isa = PBXBuildFile; fileRef = 84F4415F17B4E7E90020BC08 /* IASKSpecifier.m */; };
		84F4417517B4E7E90020BC08 /* IASKPSSliderSpecifierViewCell.m in Sources */ = {isa = PBXBuildFile; fileRef = 84F4416217B4E7E90020BC08 /* IASKPSSliderSpecifierViewCell.m */; };
		84F4417617B4E7E90020BC08 /* IASKPSTextFieldSpecifierViewCell.m in Sources */ = {isa = PBXBuildFile; fileRef = 84F4416417B4E7E90020BC08 /* IASKPSTextFieldSpecifierViewCell.m */; };
		84F4417717B4E7E90020BC08 /* IASKPSTitleValueSpecifierViewCell.m in Sources */ = {isa = PBXBuildFile; fileRef = 84F4416617B4E7E90020BC08 /* IASKPSTitleValueSpecifierViewCell.m */; };
		84F4417817B4E7E90020BC08 /* IASKSlider.m in Sources */ = {isa = PBXBuildFile; fileRef = 84F4416817B4E7E90020BC08 /* IASKSlider.m */; };
		84F4417917B4E7E90020BC08 /* IASKSwitch.m in Sources */ = {isa = PBXBuildFile; fileRef = 84F4416A17B4E7E90020BC08 /* IASKSwitch.m */; };
		84F4417A17B4E7E90020BC08 /* IASKTextField.m in Sources */ = {isa = PBXBuildFile; fileRef = 84F4416C17B4E7E90020BC08 /* IASKTextField.m */; };
		84F4417C17B4E9EB0020BC08 /* MessageUI.framework in Frameworks */ = {isa = PBXBuildFile; fileRef = 84F4417B17B4E9EB0020BC08 /* MessageUI.framework */; };
		8EB7DAA41372A7A100603048 /* ScanditSDKDemo-Splash.png in Resources */ = {isa = PBXBuildFile; fileRef = 8EB7DAA31372A7A100603048 /* ScanditSDKDemo-Splash.png */; };
		AA1D2CD916DFF9A4004CE6CA /* libc++.dylib in Frameworks */ = {isa = PBXBuildFile; fileRef = AA1D2CD816DFF9A4004CE6CA /* libc++.dylib */; };
		AA483868138D8F0B00D3091A /* Reachability.m in Sources */ = {isa = PBXBuildFile; fileRef = AA483866138D8F0B00D3091A /* Reachability.m */; };
		AA483889138D911C00D3091A /* SystemConfiguration.framework in Frameworks */ = {isa = PBXBuildFile; fileRef = AA483888138D911C00D3091A /* SystemConfiguration.framework */; };
		AA4DCBB01B26E1D6007BE5AC /* ScanditBarcodeScanner.framework in Frameworks */ = {isa = PBXBuildFile; fileRef = AA4DCBAF1B26E1D6007BE5AC /* ScanditBarcodeScanner.framework */; };
		AA6BAE46135F72A600154972 /* main.m in Sources */ = {isa = PBXBuildFile; fileRef = AA6BAE40135F72A600154972 /* main.m */; };
		AA6BAE51135F731400154972 /* icon_barcode.png in Resources */ = {isa = PBXBuildFile; fileRef = AA6BAE4A135F731400154972 /* icon_barcode.png */; };
		AA6BAE53135F731400154972 /* Icon.png in Resources */ = {isa = PBXBuildFile; fileRef = AA6BAE4C135F731400154972 /* Icon.png */; };
		AA6BAE54135F731400154972 /* Icon-Small.png in Resources */ = {isa = PBXBuildFile; fileRef = AA6BAE4D135F731400154972 /* Icon-Small.png */; };
		AA6BAE55135F731400154972 /* Entitlements.plist in Resources */ = {isa = PBXBuildFile; fileRef = AA6BAE4E135F731400154972 /* Entitlements.plist */; };
		AA6BAFAD135F746000154972 /* libiconv.dylib in Frameworks */ = {isa = PBXBuildFile; fileRef = AA6BAFA3135F746000154972 /* libiconv.dylib */; };
		AA6BAFAE135F746000154972 /* CoreVideo.framework in Frameworks */ = {isa = PBXBuildFile; fileRef = AA6BAFA4135F746000154972 /* CoreVideo.framework */; };
		AA6BAFAF135F746000154972 /* UIKit.framework in Frameworks */ = {isa = PBXBuildFile; fileRef = AA6BAFA5135F746000154972 /* UIKit.framework */; };
		AA6BAFB0135F746000154972 /* Foundation.framework in Frameworks */ = {isa = PBXBuildFile; fileRef = AA6BAFA6135F746000154972 /* Foundation.framework */; };
		AA6BAFB1135F746000154972 /* CoreGraphics.framework in Frameworks */ = {isa = PBXBuildFile; fileRef = AA6BAFA7135F746000154972 /* CoreGraphics.framework */; };
		AA6BAFB2135F746000154972 /* AudioToolbox.framework in Frameworks */ = {isa = PBXBuildFile; fileRef = AA6BAFA8135F746000154972 /* AudioToolbox.framework */; };
		AA6BAFB3135F746000154972 /* libz.dylib in Frameworks */ = {isa = PBXBuildFile; fileRef = AA6BAFA9135F746000154972 /* libz.dylib */; };
		AA6BAFB4135F746000154972 /* AVFoundation.framework in Frameworks */ = {isa = PBXBuildFile; fileRef = AA6BAFAA135F746000154972 /* AVFoundation.framework */; settings = {ATTRIBUTES = (Weak, ); }; };
		AA6BAFB5135F746000154972 /* CoreMedia.framework in Frameworks */ = {isa = PBXBuildFile; fileRef = AA6BAFAB135F746000154972 /* CoreMedia.framework */; };
		AA6BAFB6135F746000154972 /* QuartzCore.framework in Frameworks */ = {isa = PBXBuildFile; fileRef = AA6BAFAC135F746000154972 /* QuartzCore.framework */; };
		AA6BAFCE135F7B4900154972 /* CoreLocation.framework in Frameworks */ = {isa = PBXBuildFile; fileRef = AA6BAFCD135F7B4900154972 /* CoreLocation.framework */; };
		AA93C1B61AB856C2007FA9AD /* OpenGLES.framework in Frameworks */ = {isa = PBXBuildFile; fileRef = AA93C1B51AB856C2007FA9AD /* OpenGLES.framework */; };
/* End PBXBuildFile section */

/* Begin PBXFileReference section */
		1D6058910D05DD3D006BFB54 /* BatchModeScanSample.app */ = {isa = PBXFileReference; explicitFileType = wrapper.application; includeInIndex = 0; path = BatchModeScanSample.app; sourceTree = BUILT_PRODUCTS_DIR; };
		32CA4F630368D1EE00C91783 /* BatchModeScanSample_Prefix.pch */ = {isa = PBXFileReference; fileEncoding = 4; lastKnownFileType = sourcecode.c.h; path = BatchModeScanSample_Prefix.pch; sourceTree = "<group>"; };
		79A12C081B0CD06800509B75 /* icon-settings.png */ = {isa = PBXFileReference; lastKnownFileType = image.png; path = "icon-settings.png"; sourceTree = "<group>"; };
		79A12C0A1B0E2D7200509B75 /* main.storyboard */ = {isa = PBXFileReference; fileEncoding = 4; lastKnownFileType = file.storyboard; path = main.storyboard; sourceTree = "<group>"; };
		79A12C0C1B0F08D800509B75 /* TableViewController.h */ = {isa = PBXFileReference; lastKnownFileType = sourcecode.c.h; path = TableViewController.h; sourceTree = "<group>"; };
		79A12C101B0F093000509B75 /* TableViewController.m */ = {isa = PBXFileReference; fileEncoding = 4; lastKnownFileType = sourcecode.c.objc; path = TableViewController.m; sourceTree = "<group>"; };
		79A12C121B0F0FB200509B75 /* BatchModeScanAppDelegate.h */ = {isa = PBXFileReference; lastKnownFileType = sourcecode.c.h; path = BatchModeScanAppDelegate.h; sourceTree = "<group>"; };
		79A12C131B0F101D00509B75 /* BatchModeScanAppDelegate.m */ = {isa = PBXFileReference; fileEncoding = 4; lastKnownFileType = sourcecode.c.objc; path = BatchModeScanAppDelegate.m; sourceTree = "<group>"; };
		79A485761B03594C00BC56FE /* MediaPlayer.framework */ = {isa = PBXFileReference; lastKnownFileType = wrapper.framework; name = MediaPlayer.framework; path = System/Library/Frameworks/MediaPlayer.framework; sourceTree = SDKROOT; };
		79B0BFA51B14982F000141EE /* AboutViewController.h */ = {isa = PBXFileReference; fileEncoding = 4; lastKnownFileType = sourcecode.c.h; path = AboutViewController.h; sourceTree = "<group>"; };
		79B0BFA61B14982F000141EE /* AboutViewController.m */ = {isa = PBXFileReference; fileEncoding = 4; lastKnownFileType = sourcecode.c.objc; path = AboutViewController.m; sourceTree = "<group>"; };
		79B5C5671B4C024800DA5F68 /* ScanditBarcodeScanner.bundle */ = {isa = PBXFileReference; lastKnownFileType = "wrapper.plug-in"; name = ScanditBarcodeScanner.bundle; path = ScanditBarcodeScanner.framework/Resources/ScanditBarcodeScanner.bundle; sourceTree = "<group>"; };
		842102281611D2CE007A3DDA /* Default-568h@2x.png */ = {isa = PBXFileReference; lastKnownFileType = image.png; path = "Default-568h@2x.png"; sourceTree = "<group>"; };
		842102291611D2CE007A3DDA /* Default.png */ = {isa = PBXFileReference; lastKnownFileType = image.png; path = Default.png; sourceTree = "<group>"; };
		8421022A1611D2CE007A3DDA /* Default@2x.png */ = {isa = PBXFileReference; lastKnownFileType = image.png; path = "Default@2x.png"; sourceTree = "<group>"; };
		847EAE1717BD03BB002FFF80 /* CHANGELOG.txt */ = {isa = PBXFileReference; fileEncoding = 4; lastKnownFileType = text; path = CHANGELOG.txt; sourceTree = "<group>"; };
		847EAE1A17BD03BB002FFF80 /* LICENSE-2.0.txt */ = {isa = PBXFileReference; fileEncoding = 4; lastKnownFileType = text; path = "LICENSE-2.0.txt"; sourceTree = "<group>"; };
		84F4414A17B4E5910020BC08 /* Settings.bundle */ = {isa = PBXFileReference; lastKnownFileType = "wrapper.plug-in"; path = Settings.bundle; sourceTree = "<group>"; };
		84F4414E17B4E7E90020BC08 /* IASKAppSettingsViewController.h */ = {isa = PBXFileReference; fileEncoding = 4; lastKnownFileType = sourcecode.c.h; path = IASKAppSettingsViewController.h; sourceTree = "<group>"; };
		84F4414F17B4E7E90020BC08 /* IASKAppSettingsViewController.m */ = {isa = PBXFileReference; fileEncoding = 4; lastKnownFileType = sourcecode.c.objc; path = IASKAppSettingsViewController.m; sourceTree = "<group>"; };
		84F4415017B4E7E90020BC08 /* IASKAppSettingsWebViewController.h */ = {isa = PBXFileReference; fileEncoding = 4; lastKnownFileType = sourcecode.c.h; path = IASKAppSettingsWebViewController.h; sourceTree = "<group>"; };
		84F4415117B4E7E90020BC08 /* IASKAppSettingsWebViewController.m */ = {isa = PBXFileReference; fileEncoding = 4; lastKnownFileType = sourcecode.c.objc; path = IASKAppSettingsWebViewController.m; sourceTree = "<group>"; };
		84F4415217B4E7E90020BC08 /* IASKSpecifierValuesViewController.h */ = {isa = PBXFileReference; fileEncoding = 4; lastKnownFileType = sourcecode.c.h; path = IASKSpecifierValuesViewController.h; sourceTree = "<group>"; };
		84F4415317B4E7E90020BC08 /* IASKSpecifierValuesViewController.m */ = {isa = PBXFileReference; fileEncoding = 4; lastKnownFileType = sourcecode.c.objc; path = IASKSpecifierValuesViewController.m; sourceTree = "<group>"; };
		84F4415417B4E7E90020BC08 /* IASKViewController.h */ = {isa = PBXFileReference; fileEncoding = 4; lastKnownFileType = sourcecode.c.h; path = IASKViewController.h; sourceTree = "<group>"; };
		84F4415617B4E7E90020BC08 /* IASKSettingsReader.h */ = {isa = PBXFileReference; fileEncoding = 4; lastKnownFileType = sourcecode.c.h; path = IASKSettingsReader.h; sourceTree = "<group>"; };
		84F4415717B4E7E90020BC08 /* IASKSettingsReader.m */ = {isa = PBXFileReference; fileEncoding = 4; lastKnownFileType = sourcecode.c.objc; path = IASKSettingsReader.m; sourceTree = "<group>"; };
		84F4415817B4E7E90020BC08 /* IASKSettingsStore.h */ = {isa = PBXFileReference; fileEncoding = 4; lastKnownFileType = sourcecode.c.h; path = IASKSettingsStore.h; sourceTree = "<group>"; };
		84F4415917B4E7E90020BC08 /* IASKSettingsStore.m */ = {isa = PBXFileReference; fileEncoding = 4; lastKnownFileType = sourcecode.c.objc; path = IASKSettingsStore.m; sourceTree = "<group>"; };
		84F4415A17B4E7E90020BC08 /* IASKSettingsStoreFile.h */ = {isa = PBXFileReference; fileEncoding = 4; lastKnownFileType = sourcecode.c.h; path = IASKSettingsStoreFile.h; sourceTree = "<group>"; };
		84F4415B17B4E7E90020BC08 /* IASKSettingsStoreFile.m */ = {isa = PBXFileReference; fileEncoding = 4; lastKnownFileType = sourcecode.c.objc; path = IASKSettingsStoreFile.m; sourceTree = "<group>"; };
		84F4415C17B4E7E90020BC08 /* IASKSettingsStoreUserDefaults.h */ = {isa = PBXFileReference; fileEncoding = 4; lastKnownFileType = sourcecode.c.h; path = IASKSettingsStoreUserDefaults.h; sourceTree = "<group>"; };
		84F4415D17B4E7E90020BC08 /* IASKSettingsStoreUserDefaults.m */ = {isa = PBXFileReference; fileEncoding = 4; lastKnownFileType = sourcecode.c.objc; path = IASKSettingsStoreUserDefaults.m; sourceTree = "<group>"; };
		84F4415E17B4E7E90020BC08 /* IASKSpecifier.h */ = {isa = PBXFileReference; fileEncoding = 4; lastKnownFileType = sourcecode.c.h; path = IASKSpecifier.h; sourceTree = "<group>"; };
		84F4415F17B4E7E90020BC08 /* IASKSpecifier.m */ = {isa = PBXFileReference; fileEncoding = 4; lastKnownFileType = sourcecode.c.objc; path = IASKSpecifier.m; sourceTree = "<group>"; };
		84F4416117B4E7E90020BC08 /* IASKPSSliderSpecifierViewCell.h */ = {isa = PBXFileReference; fileEncoding = 4; lastKnownFileType = sourcecode.c.h; path = IASKPSSliderSpecifierViewCell.h; sourceTree = "<group>"; };
		84F4416217B4E7E90020BC08 /* IASKPSSliderSpecifierViewCell.m */ = {isa = PBXFileReference; fileEncoding = 4; lastKnownFileType = sourcecode.c.objc; path = IASKPSSliderSpecifierViewCell.m; sourceTree = "<group>"; };
		84F4416317B4E7E90020BC08 /* IASKPSTextFieldSpecifierViewCell.h */ = {isa = PBXFileReference; fileEncoding = 4; lastKnownFileType = sourcecode.c.h; path = IASKPSTextFieldSpecifierViewCell.h; sourceTree = "<group>"; };
		84F4416417B4E7E90020BC08 /* IASKPSTextFieldSpecifierViewCell.m */ = {isa = PBXFileReference; fileEncoding = 4; lastKnownFileType = sourcecode.c.objc; path = IASKPSTextFieldSpecifierViewCell.m; sourceTree = "<group>"; };
		84F4416517B4E7E90020BC08 /* IASKPSTitleValueSpecifierViewCell.h */ = {isa = PBXFileReference; fileEncoding = 4; lastKnownFileType = sourcecode.c.h; path = IASKPSTitleValueSpecifierViewCell.h; sourceTree = "<group>"; };
		84F4416617B4E7E90020BC08 /* IASKPSTitleValueSpecifierViewCell.m */ = {isa = PBXFileReference; fileEncoding = 4; lastKnownFileType = sourcecode.c.objc; path = IASKPSTitleValueSpecifierViewCell.m; sourceTree = "<group>"; };
		84F4416717B4E7E90020BC08 /* IASKSlider.h */ = {isa = PBXFileReference; fileEncoding = 4; lastKnownFileType = sourcecode.c.h; path = IASKSlider.h; sourceTree = "<group>"; };
		84F4416817B4E7E90020BC08 /* IASKSlider.m */ = {isa = PBXFileReference; fileEncoding = 4; lastKnownFileType = sourcecode.c.objc; path = IASKSlider.m; sourceTree = "<group>"; };
		84F4416917B4E7E90020BC08 /* IASKSwitch.h */ = {isa = PBXFileReference; fileEncoding = 4; lastKnownFileType = sourcecode.c.h; path = IASKSwitch.h; sourceTree = "<group>"; };
		84F4416A17B4E7E90020BC08 /* IASKSwitch.m */ = {isa = PBXFileReference; fileEncoding = 4; lastKnownFileType = sourcecode.c.objc; path = IASKSwitch.m; sourceTree = "<group>"; };
		84F4416B17B4E7E90020BC08 /* IASKTextField.h */ = {isa = PBXFileReference; fileEncoding = 4; lastKnownFileType = sourcecode.c.h; path = IASKTextField.h; sourceTree = "<group>"; };
		84F4416C17B4E7E90020BC08 /* IASKTextField.m */ = {isa = PBXFileReference; fileEncoding = 4; lastKnownFileType = sourcecode.c.objc; path = IASKTextField.m; sourceTree = "<group>"; };
		84F4417B17B4E9EB0020BC08 /* MessageUI.framework */ = {isa = PBXFileReference; lastKnownFileType = wrapper.framework; name = MessageUI.framework; path = System/Library/Frameworks/MessageUI.framework; sourceTree = SDKROOT; };
		8D1107310486CEB800E47090 /* BatchModeScanSample-Info.plist */ = {isa = PBXFileReference; fileEncoding = 4; lastKnownFileType = text.plist.xml; path = "BatchModeScanSample-Info.plist"; plistStructureDefinitionIdentifier = "com.apple.xcode.plist.structure-definition.iphone.info-plist"; sourceTree = "<group>"; };
		8EB7DAA31372A7A100603048 /* ScanditSDKDemo-Splash.png */ = {isa = PBXFileReference; lastKnownFileType = image.png; path = "ScanditSDKDemo-Splash.png"; sourceTree = "<group>"; };
		AA1D2CD816DFF9A4004CE6CA /* libc++.dylib */ = {isa = PBXFileReference; lastKnownFileType = "compiled.mach-o.dylib"; name = "libc++.dylib"; path = "usr/lib/libc++.dylib"; sourceTree = SDKROOT; };
		AA483866138D8F0B00D3091A /* Reachability.m */ = {isa = PBXFileReference; fileEncoding = 4; lastKnownFileType = sourcecode.c.objc; name = Reachability.m; path = Classes/Reachability.m; sourceTree = "<group>"; };
		AA483867138D8F0B00D3091A /* Reachability.h */ = {isa = PBXFileReference; fileEncoding = 4; lastKnownFileType = sourcecode.c.h; name = Reachability.h; path = Classes/Reachability.h; sourceTree = "<group>"; };
		AA483888138D911C00D3091A /* SystemConfiguration.framework */ = {isa = PBXFileReference; lastKnownFileType = wrapper.framework; name = SystemConfiguration.framework; path = System/Library/Frameworks/SystemConfiguration.framework; sourceTree = SDKROOT; };
		AA4DCBAF1B26E1D6007BE5AC /* ScanditBarcodeScanner.framework */ = {isa = PBXFileReference; lastKnownFileType = wrapper.framework; path = ScanditBarcodeScanner.framework; sourceTree = "<group>"; };
		AA6BAE40135F72A600154972 /* main.m */ = {isa = PBXFileReference; fileEncoding = 4; lastKnownFileType = sourcecode.c.objc; name = main.m; path = Classes/main.m; sourceTree = "<group>"; };
		AA6BAE4A135F731400154972 /* icon_barcode.png */ = {isa = PBXFileReference; lastKnownFileType = image.png; path = icon_barcode.png; sourceTree = "<group>"; };
		AA6BAE4C135F731400154972 /* Icon.png */ = {isa = PBXFileReference; lastKnownFileType = image.png; path = Icon.png; sourceTree = "<group>"; };
		AA6BAE4D135F731400154972 /* Icon-Small.png */ = {isa = PBXFileReference; lastKnownFileType = image.png; path = "Icon-Small.png"; sourceTree = "<group>"; };
		AA6BAE4E135F731400154972 /* Entitlements.plist */ = {isa = PBXFileReference; fileEncoding = 4; lastKnownFileType = text.plist.xml; path = Entitlements.plist; sourceTree = "<group>"; };
		AA6BAFA3135F746000154972 /* libiconv.dylib */ = {isa = PBXFileReference; lastKnownFileType = "compiled.mach-o.dylib"; name = libiconv.dylib; path = usr/lib/libiconv.dylib; sourceTree = SDKROOT; };
		AA6BAFA4135F746000154972 /* CoreVideo.framework */ = {isa = PBXFileReference; lastKnownFileType = wrapper.framework; name = CoreVideo.framework; path = System/Library/Frameworks/CoreVideo.framework; sourceTree = SDKROOT; };
		AA6BAFA5135F746000154972 /* UIKit.framework */ = {isa = PBXFileReference; lastKnownFileType = wrapper.framework; name = UIKit.framework; path = System/Library/Frameworks/UIKit.framework; sourceTree = SDKROOT; };
		AA6BAFA6135F746000154972 /* Foundation.framework */ = {isa = PBXFileReference; lastKnownFileType = wrapper.framework; name = Foundation.framework; path = System/Library/Frameworks/Foundation.framework; sourceTree = SDKROOT; };
		AA6BAFA7135F746000154972 /* CoreGraphics.framework */ = {isa = PBXFileReference; lastKnownFileType = wrapper.framework; name = CoreGraphics.framework; path = System/Library/Frameworks/CoreGraphics.framework; sourceTree = SDKROOT; };
		AA6BAFA8135F746000154972 /* AudioToolbox.framework */ = {isa = PBXFileReference; lastKnownFileType = wrapper.framework; name = AudioToolbox.framework; path = System/Library/Frameworks/AudioToolbox.framework; sourceTree = SDKROOT; };
		AA6BAFA9135F746000154972 /* libz.dylib */ = {isa = PBXFileReference; lastKnownFileType = "compiled.mach-o.dylib"; name = libz.dylib; path = usr/lib/libz.dylib; sourceTree = SDKROOT; };
		AA6BAFAA135F746000154972 /* AVFoundation.framework */ = {isa = PBXFileReference; lastKnownFileType = wrapper.framework; name = AVFoundation.framework; path = System/Library/Frameworks/AVFoundation.framework; sourceTree = SDKROOT; };
		AA6BAFAB135F746000154972 /* CoreMedia.framework */ = {isa = PBXFileReference; lastKnownFileType = wrapper.framework; name = CoreMedia.framework; path = System/Library/Frameworks/CoreMedia.framework; sourceTree = SDKROOT; };
		AA6BAFAC135F746000154972 /* QuartzCore.framework */ = {isa = PBXFileReference; lastKnownFileType = wrapper.framework; name = QuartzCore.framework; path = System/Library/Frameworks/QuartzCore.framework; sourceTree = SDKROOT; };
		AA6BAFCD135F7B4900154972 /* CoreLocation.framework */ = {isa = PBXFileReference; lastKnownFileType = wrapper.framework; name = CoreLocation.framework; path = System/Library/Frameworks/CoreLocation.framework; sourceTree = SDKROOT; };
		AA93C1B51AB856C2007FA9AD /* OpenGLES.framework */ = {isa = PBXFileReference; lastKnownFileType = wrapper.framework; name = OpenGLES.framework; path = System/Library/Frameworks/OpenGLES.framework; sourceTree = SDKROOT; };
/* End PBXFileReference section */

/* Begin PBXFrameworksBuildPhase section */
		1D60588F0D05DD3D006BFB54 /* Frameworks */ = {
			isa = PBXFrameworksBuildPhase;
			buildActionMask = 2147483647;
			files = (
				79A485771B03594C00BC56FE /* MediaPlayer.framework in Frameworks */,
				AA93C1B61AB856C2007FA9AD /* OpenGLES.framework in Frameworks */,
				84F4417C17B4E9EB0020BC08 /* MessageUI.framework in Frameworks */,
				AA1D2CD916DFF9A4004CE6CA /* libc++.dylib in Frameworks */,
				AA6BAFAD135F746000154972 /* libiconv.dylib in Frameworks */,
				AA6BAFAE135F746000154972 /* CoreVideo.framework in Frameworks */,
				AA6BAFAF135F746000154972 /* UIKit.framework in Frameworks */,
				AA6BAFB0135F746000154972 /* Foundation.framework in Frameworks */,
				AA6BAFB1135F746000154972 /* CoreGraphics.framework in Frameworks */,
				AA6BAFB2135F746000154972 /* AudioToolbox.framework in Frameworks */,
				AA6BAFB3135F746000154972 /* libz.dylib in Frameworks */,
				AA4DCBB01B26E1D6007BE5AC /* ScanditBarcodeScanner.framework in Frameworks */,
				AA6BAFB4135F746000154972 /* AVFoundation.framework in Frameworks */,
				AA6BAFB5135F746000154972 /* CoreMedia.framework in Frameworks */,
				AA6BAFB6135F746000154972 /* QuartzCore.framework in Frameworks */,
				AA6BAFCE135F7B4900154972 /* CoreLocation.framework in Frameworks */,
				AA483889138D911C00D3091A /* SystemConfiguration.framework in Frameworks */,
			);
			runOnlyForDeploymentPostprocessing = 0;
		};
/* End PBXFrameworksBuildPhase section */

/* Begin PBXGroup section */
		080E96DDFE201D6D7F000001 /* Classes */ = {
			isa = PBXGroup;
			children = (
				84F4414A17B4E5910020BC08 /* Settings.bundle */,
				79A12C0A1B0E2D7200509B75 /* main.storyboard */,
				79A12C0C1B0F08D800509B75 /* TableViewController.h */,
				79A12C101B0F093000509B75 /* TableViewController.m */,
				79A12C121B0F0FB200509B75 /* BatchModeScanAppDelegate.h */,
				79A12C131B0F101D00509B75 /* BatchModeScanAppDelegate.m */,
				79B0BFA51B14982F000141EE /* AboutViewController.h */,
				79B0BFA61B14982F000141EE /* AboutViewController.m */,
			);
			path = Classes;
			sourceTree = "<group>";
		};
		19C28FACFE9D520D11CA2CBB /* Products */ = {
			isa = PBXGroup;
			children = (
				1D6058910D05DD3D006BFB54 /* BatchModeScanSample.app */,
			);
			name = Products;
			sourceTree = "<group>";
		};
		29B97314FDCFA39411CA2CEA /* CustomTemplate */ = {
			isa = PBXGroup;
			children = (
				84F4414C17B4E7E90020BC08 /* InAppSettingsKit */,
				847EAE0E17BD03BB002FFF80 /* ScanditSDK */,
				080E96DDFE201D6D7F000001 /* Classes */,
				29B97315FDCFA39411CA2CEA /* Other Sources */,
				29B97317FDCFA39411CA2CEA /* Resources */,
				29B97323FDCFA39411CA2CEA /* Frameworks */,
				19C28FACFE9D520D11CA2CBB /* Products */,
			);
			name = CustomTemplate;
			sourceTree = "<group>";
		};
		29B97315FDCFA39411CA2CEA /* Other Sources */ = {
			isa = PBXGroup;
			children = (
				AA483866138D8F0B00D3091A /* Reachability.m */,
				AA483867138D8F0B00D3091A /* Reachability.h */,
				32CA4F630368D1EE00C91783 /* BatchModeScanSample_Prefix.pch */,
				AA6BAE40135F72A600154972 /* main.m */,
			);
			name = "Other Sources";
			sourceTree = "<group>";
		};
		29B97317FDCFA39411CA2CEA /* Resources */ = {
			isa = PBXGroup;
			children = (
				842102281611D2CE007A3DDA /* Default-568h@2x.png */,
				842102291611D2CE007A3DDA /* Default.png */,
				8421022A1611D2CE007A3DDA /* Default@2x.png */,
				8EB7DAA31372A7A100603048 /* ScanditSDKDemo-Splash.png */,
				79A12C081B0CD06800509B75 /* icon-settings.png */,
				AA6BAE4A135F731400154972 /* icon_barcode.png */,
				AA6BAE4C135F731400154972 /* Icon.png */,
				AA6BAE4D135F731400154972 /* Icon-Small.png */,
				AA6BAE4E135F731400154972 /* Entitlements.plist */,
				8D1107310486CEB800E47090 /* BatchModeScanSample-Info.plist */,
			);
			name = Resources;
			sourceTree = "<group>";
		};
		29B97323FDCFA39411CA2CEA /* Frameworks */ = {
			isa = PBXGroup;
			children = (
				79A485761B03594C00BC56FE /* MediaPlayer.framework */,
				AA93C1B51AB856C2007FA9AD /* OpenGLES.framework */,
				AA1D2CD816DFF9A4004CE6CA /* libc++.dylib */,
				AA6BAFA3135F746000154972 /* libiconv.dylib */,
				84F4417B17B4E9EB0020BC08 /* MessageUI.framework */,
				AA6BAFA4135F746000154972 /* CoreVideo.framework */,
				AA6BAFA5135F746000154972 /* UIKit.framework */,
				AA6BAFA6135F746000154972 /* Foundation.framework */,
				AA6BAFA7135F746000154972 /* CoreGraphics.framework */,
				AA6BAFA8135F746000154972 /* AudioToolbox.framework */,
				AA6BAFA9135F746000154972 /* libz.dylib */,
				AA6BAFAA135F746000154972 /* AVFoundation.framework */,
				AA6BAFAB135F746000154972 /* CoreMedia.framework */,
				AA6BAFAC135F746000154972 /* QuartzCore.framework */,
				AA6BAFCD135F7B4900154972 /* CoreLocation.framework */,
				AA483888138D911C00D3091A /* SystemConfiguration.framework */,
			);
			name = Frameworks;
			sourceTree = "<group>";
		};
		847EAE0E17BD03BB002FFF80 /* ScanditSDK */ = {
			isa = PBXGroup;
			children = (
				79B5C5671B4C024800DA5F68 /* ScanditBarcodeScanner.bundle */,
				AA4DCBAF1B26E1D6007BE5AC /* ScanditBarcodeScanner.framework */,
				847EAE1717BD03BB002FFF80 /* CHANGELOG.txt */,
				847EAE1A17BD03BB002FFF80 /* LICENSE-2.0.txt */,
			);
			name = ScanditSDK;
			path = ../ScanditSDK;
			sourceTree = "<group>";
		};
		84F4414C17B4E7E90020BC08 /* InAppSettingsKit */ = {
			isa = PBXGroup;
			children = (
				84F4414D17B4E7E90020BC08 /* Controllers */,
				84F4415517B4E7E90020BC08 /* Models */,
				84F4416017B4E7E90020BC08 /* Views */,
			);
			path = InAppSettingsKit;
			sourceTree = "<group>";
		};
		84F4414D17B4E7E90020BC08 /* Controllers */ = {
			isa = PBXGroup;
			children = (
				84F4414E17B4E7E90020BC08 /* IASKAppSettingsViewController.h */,
				84F4414F17B4E7E90020BC08 /* IASKAppSettingsViewController.m */,
				84F4415017B4E7E90020BC08 /* IASKAppSettingsWebViewController.h */,
				84F4415117B4E7E90020BC08 /* IASKAppSettingsWebViewController.m */,
				84F4415217B4E7E90020BC08 /* IASKSpecifierValuesViewController.h */,
				84F4415317B4E7E90020BC08 /* IASKSpecifierValuesViewController.m */,
				84F4415417B4E7E90020BC08 /* IASKViewController.h */,
			);
			path = Controllers;
			sourceTree = "<group>";
		};
		84F4415517B4E7E90020BC08 /* Models */ = {
			isa = PBXGroup;
			children = (
				84F4415617B4E7E90020BC08 /* IASKSettingsReader.h */,
				84F4415717B4E7E90020BC08 /* IASKSettingsReader.m */,
				84F4415817B4E7E90020BC08 /* IASKSettingsStore.h */,
				84F4415917B4E7E90020BC08 /* IASKSettingsStore.m */,
				84F4415A17B4E7E90020BC08 /* IASKSettingsStoreFile.h */,
				84F4415B17B4E7E90020BC08 /* IASKSettingsStoreFile.m */,
				84F4415C17B4E7E90020BC08 /* IASKSettingsStoreUserDefaults.h */,
				84F4415D17B4E7E90020BC08 /* IASKSettingsStoreUserDefaults.m */,
				84F4415E17B4E7E90020BC08 /* IASKSpecifier.h */,
				84F4415F17B4E7E90020BC08 /* IASKSpecifier.m */,
			);
			path = Models;
			sourceTree = "<group>";
		};
		84F4416017B4E7E90020BC08 /* Views */ = {
			isa = PBXGroup;
			children = (
				84F4416117B4E7E90020BC08 /* IASKPSSliderSpecifierViewCell.h */,
				84F4416217B4E7E90020BC08 /* IASKPSSliderSpecifierViewCell.m */,
				84F4416317B4E7E90020BC08 /* IASKPSTextFieldSpecifierViewCell.h */,
				84F4416417B4E7E90020BC08 /* IASKPSTextFieldSpecifierViewCell.m */,
				84F4416517B4E7E90020BC08 /* IASKPSTitleValueSpecifierViewCell.h */,
				84F4416617B4E7E90020BC08 /* IASKPSTitleValueSpecifierViewCell.m */,
				84F4416717B4E7E90020BC08 /* IASKSlider.h */,
				84F4416817B4E7E90020BC08 /* IASKSlider.m */,
				84F4416917B4E7E90020BC08 /* IASKSwitch.h */,
				84F4416A17B4E7E90020BC08 /* IASKSwitch.m */,
				84F4416B17B4E7E90020BC08 /* IASKTextField.h */,
				84F4416C17B4E7E90020BC08 /* IASKTextField.m */,
			);
			path = Views;
			sourceTree = "<group>";
		};
/* End PBXGroup section */

/* Begin PBXNativeTarget section */
		1D6058900D05DD3D006BFB54 /* BatchModeScanSample */ = {
			isa = PBXNativeTarget;
			buildConfigurationList = 1D6058960D05DD3E006BFB54 /* Build configuration list for PBXNativeTarget "BatchModeScanSample" */;
			buildPhases = (
				1D60588D0D05DD3D006BFB54 /* Resources */,
				1D60588E0D05DD3D006BFB54 /* Sources */,
				1D60588F0D05DD3D006BFB54 /* Frameworks */,
			);
			buildRules = (
			);
			dependencies = (
			);
			name = BatchModeScanSample;
			productName = ScanditSDKDemo;
			productReference = 1D6058910D05DD3D006BFB54 /* BatchModeScanSample.app */;
			productType = "com.apple.product-type.application";
		};
/* End PBXNativeTarget section */

/* Begin PBXProject section */
		29B97313FDCFA39411CA2CEA /* Project object */ = {
			isa = PBXProject;
			attributes = {
				LastUpgradeCheck = 0700;
				TargetAttributes = {
					1D6058900D05DD3D006BFB54 = {
						DevelopmentTeam = CCJEHQ4M9R;
					};
				};
			};
			buildConfigurationList = C01FCF4E08A954540054247B /* Build configuration list for PBXProject "BatchModeScanSample" */;
			compatibilityVersion = "Xcode 3.2";
			developmentRegion = English;
			hasScannedForEncodings = 1;
			knownRegions = (
				English,
				Japanese,
				French,
				German,
				en,
				de,
			);
			mainGroup = 29B97314FDCFA39411CA2CEA /* CustomTemplate */;
			projectDirPath = "";
			projectRoot = "";
			targets = (
				1D6058900D05DD3D006BFB54 /* BatchModeScanSample */,
			);
		};
/* End PBXProject section */

/* Begin PBXResourcesBuildPhase section */
		1D60588D0D05DD3D006BFB54 /* Resources */ = {
			isa = PBXResourcesBuildPhase;
			buildActionMask = 2147483647;
			files = (
				AA6BAE51135F731400154972 /* icon_barcode.png in Resources */,
				AA6BAE53135F731400154972 /* Icon.png in Resources */,
				AA6BAE54135F731400154972 /* Icon-Small.png in Resources */,
				AA6BAE55135F731400154972 /* Entitlements.plist in Resources */,
				8EB7DAA41372A7A100603048 /* ScanditSDKDemo-Splash.png in Resources */,
				8421022B1611D2CE007A3DDA /* Default-568h@2x.png in Resources */,
				79B5C5681B4C024800DA5F68 /* ScanditBarcodeScanner.bundle in Resources */,
				8421022C1611D2CE007A3DDA /* Default.png in Resources */,
				79A12C091B0CD06800509B75 /* icon-settings.png in Resources */,
				79A12C0B1B0E2D7200509B75 /* main.storyboard in Resources */,
				8421022D1611D2CE007A3DDA /* Default@2x.png in Resources */,
				84F4414B17B4E5910020BC08 /* Settings.bundle in Resources */,
				847EAE2D17BD03BB002FFF80 /* CHANGELOG.txt in Resources */,
				847EAE3017BD03BB002FFF80 /* LICENSE-2.0.txt in Resources */,
			);
			runOnlyForDeploymentPostprocessing = 0;
		};
/* End PBXResourcesBuildPhase section */

/* Begin PBXSourcesBuildPhase section */
		1D60588E0D05DD3D006BFB54 /* Sources */ = {
			isa = PBXSourcesBuildPhase;
			buildActionMask = 2147483647;
			files = (
				79A12C141B0F101D00509B75 /* BatchModeScanAppDelegate.m in Sources */,
				AA6BAE46135F72A600154972 /* main.m in Sources */,
				AA483868138D8F0B00D3091A /* Reachability.m in Sources */,
				84F4416D17B4E7E90020BC08 /* IASKAppSettingsViewController.m in Sources */,
				84F4416E17B4E7E90020BC08 /* IASKAppSettingsWebViewController.m in Sources */,
				84F4416F17B4E7E90020BC08 /* IASKSpecifierValuesViewController.m in Sources */,
				79B0BFA71B14982F000141EE /* AboutViewController.m in Sources */,
				84F4417017B4E7E90020BC08 /* IASKSettingsReader.m in Sources */,
				84F4417117B4E7E90020BC08 /* IASKSettingsStore.m in Sources */,
				79A12C111B0F093000509B75 /* TableViewController.m in Sources */,
				84F4417217B4E7E90020BC08 /* IASKSettingsStoreFile.m in Sources */,
				84F4417317B4E7E90020BC08 /* IASKSettingsStoreUserDefaults.m in Sources */,
				84F4417417B4E7E90020BC08 /* IASKSpecifier.m in Sources */,
				84F4417517B4E7E90020BC08 /* IASKPSSliderSpecifierViewCell.m in Sources */,
				84F4417617B4E7E90020BC08 /* IASKPSTextFieldSpecifierViewCell.m in Sources */,
				84F4417717B4E7E90020BC08 /* IASKPSTitleValueSpecifierViewCell.m in Sources */,
				84F4417817B4E7E90020BC08 /* IASKSlider.m in Sources */,
				84F4417917B4E7E90020BC08 /* IASKSwitch.m in Sources */,
				84F4417A17B4E7E90020BC08 /* IASKTextField.m in Sources */,
			);
			runOnlyForDeploymentPostprocessing = 0;
		};
/* End PBXSourcesBuildPhase section */

/* Begin XCBuildConfiguration section */
		1D6058940D05DD3E006BFB54 /* Debug */ = {
			isa = XCBuildConfiguration;
			buildSettings = {
				ALWAYS_SEARCH_USER_PATHS = NO;
				CLANG_CXX_LANGUAGE_STANDARD = "c++0x";
				CLANG_CXX_LIBRARY = "libc++";
				CLANG_ENABLE_OBJC_ARC = YES;
				CODE_SIGN_ENTITLEMENTS = Entitlements.plist;
				CODE_SIGN_IDENTITY = "iPhone Developer";
				"CODE_SIGN_IDENTITY[sdk=iphoneos*]" = "iPhone Developer";
				COPY_PHASE_STRIP = NO;
				DEBUG_INFORMATION_FORMAT = dwarf;
				FRAMEWORK_SEARCH_PATHS = (
					"$(inherited)",
					"\"$(SRCROOT)/../ScanditSDK\"",
				);
				GCC_DYNAMIC_NO_PIC = NO;
				GCC_OPTIMIZATION_LEVEL = 0;
				GCC_PRECOMPILE_PREFIX_HEADER = YES;
				GCC_PREFIX_HEADER = BatchModeScanSample_Prefix.pch;
				GCC_THUMB_SUPPORT = NO;
				INFOPLIST_FILE = "$(SRCROOT)/BatchModeScanSample-Info.plist";
				IPHONEOS_DEPLOYMENT_TARGET = 6.0;
				LIBRARY_SEARCH_PATHS = "\"$(SRCROOT)/../ScanditSDK\"";
				PRODUCT_BUNDLE_IDENTIFIER = com.scandit.BatchModeApp;
				PRODUCT_NAME = BatchModeScanSample;
				PROVISIONING_PROFILE = "";
				TARGETED_DEVICE_FAMILY = "1,2";
				VALID_ARCHS = "armv7 armv7s arm64 i386 x86_64";
			};
			name = Debug;
		};
		1D6058950D05DD3E006BFB54 /* Release */ = {
			isa = XCBuildConfiguration;
			buildSettings = {
				ALWAYS_SEARCH_USER_PATHS = NO;
				CLANG_CXX_LANGUAGE_STANDARD = "c++0x";
				CLANG_CXX_LIBRARY = "libc++";
				CLANG_ENABLE_OBJC_ARC = YES;
				CODE_SIGN_ENTITLEMENTS = Entitlements.plist;
				CODE_SIGN_IDENTITY = "iPhone Developer";
				"CODE_SIGN_IDENTITY[sdk=iphoneos*]" = "iPhone Developer";
				COPY_PHASE_STRIP = YES;
				ENABLE_BITCODE = NO;
				FRAMEWORK_SEARCH_PATHS = (
					"$(inherited)",
					"\"$(SRCROOT)/../ScanditSDK\"",
				);
				GCC_OPTIMIZATION_LEVEL = 3;
				GCC_PRECOMPILE_PREFIX_HEADER = YES;
				GCC_PREFIX_HEADER = BatchModeScanSample_Prefix.pch;
				GCC_THUMB_SUPPORT = NO;
				INFOPLIST_FILE = "$(SRCROOT)/BatchModeScanSample-Info.plist";
				IPHONEOS_DEPLOYMENT_TARGET = 6.0;
				LIBRARY_SEARCH_PATHS = "\"$(SRCROOT)/../ScanditSDK\"";
				PRODUCT_BUNDLE_IDENTIFIER = com.scandit.BatchModeApp;
				PRODUCT_NAME = BatchModeScanSample;
				PROVISIONING_PROFILE = "";
				TARGETED_DEVICE_FAMILY = "1,2";
				VALIDATE_PRODUCT = YES;
				VALID_ARCHS = "armv7 armv7s arm64 i386 x86_64";
			};
			name = Release;
		};
		AAEDE67D1576B78100CD24F5 /* AdHocDistribution */ = {
			isa = XCBuildConfiguration;
			buildSettings = {
				"CODE_SIGN_IDENTITY[sdk=iphoneos*]" = "iPhone Developer";
				ENABLE_BITCODE = NO;
				GCC_C_LANGUAGE_STANDARD = c99;
				GCC_WARN_ABOUT_RETURN_TYPE = YES;
				GCC_WARN_UNUSED_VARIABLE = YES;
				OTHER_CFLAGS = "-DNS_BLOCK_ASSERTIONS=1";
				SDKROOT = iphoneos;
				VALID_ARCHS = "arm64 armv7 armv7s i386 x86_64";
			};
			name = AdHocDistribution;
		};
		AAEDE67E1576B78100CD24F5 /* AdHocDistribution */ = {
			isa = XCBuildConfiguration;
			buildSettings = {
				ALWAYS_SEARCH_USER_PATHS = NO;
				CLANG_CXX_LANGUAGE_STANDARD = "c++0x";
				CLANG_CXX_LIBRARY = "libc++";
				CLANG_ENABLE_OBJC_ARC = YES;
				CODE_SIGN_ENTITLEMENTS = Entitlements.plist;
				CODE_SIGN_IDENTITY = "iPhone Developer";
				"CODE_SIGN_IDENTITY[sdk=iphoneos*]" = "iPhone Developer";
				COPY_PHASE_STRIP = YES;
				ENABLE_BITCODE = NO;
				FRAMEWORK_SEARCH_PATHS = (
					"$(inherited)",
					"\"$(SRCROOT)/../ScanditSDK\"",
				);
				GCC_OPTIMIZATION_LEVEL = 3;
				GCC_PRECOMPILE_PREFIX_HEADER = YES;
				GCC_PREFIX_HEADER = BatchModeScanSample_Prefix.pch;
				GCC_THUMB_SUPPORT = NO;
				INFOPLIST_FILE = "$(SRCROOT)/BatchModeScanSample-Info.plist";
				IPHONEOS_DEPLOYMENT_TARGET = 6.0;
				LIBRARY_SEARCH_PATHS = (
					"\"$(SRCROOT)/../ScanditSDK\"",
					"\"$(SRCROOT)/../ScanditSDK/ScanditBarcodeScanner.framework\"",
				);
				PRODUCT_BUNDLE_IDENTIFIER = com.scandit.BatchModeApp;
				PRODUCT_NAME = BatchModeScanSample;
				PROVISIONING_PROFILE = "";
				"PROVISIONING_PROFILE[sdk=iphoneos*]" = "";
				TARGETED_DEVICE_FAMILY = 1;
				VALIDATE_PRODUCT = YES;
				VALID_ARCHS = "armv7 armv7s arm64 i386 x86_64";
			};
			name = AdHocDistribution;
		};
		C01FCF4F08A954540054247B /* Debug */ = {
			isa = XCBuildConfiguration;
			buildSettings = {
				"CODE_SIGN_IDENTITY[sdk=iphoneos*]" = "iPhone Developer";
				ENABLE_BITCODE = NO;
				ENABLE_TESTABILITY = YES;
				GCC_C_LANGUAGE_STANDARD = c99;
				GCC_WARN_ABOUT_RETURN_TYPE = YES;
				GCC_WARN_UNUSED_VARIABLE = YES;
				ONLY_ACTIVE_ARCH = YES;
				SDKROOT = iphoneos;
				VALID_ARCHS = "arm64 armv7 armv7s i386 x86_64";
			};
			name = Debug;
		};
		C01FCF5008A954540054247B /* Release */ = {
			isa = XCBuildConfiguration;
			buildSettings = {
				"CODE_SIGN_IDENTITY[sdk=iphoneos*]" = "iPhone Developer";
				ENABLE_BITCODE = NO;
				GCC_C_LANGUAGE_STANDARD = c99;
				GCC_WARN_ABOUT_RETURN_TYPE = YES;
				GCC_WARN_UNUSED_VARIABLE = YES;
				OTHER_CFLAGS = "-DNS_BLOCK_ASSERTIONS=1";
				SDKROOT = iphoneos;
				VALID_ARCHS = "arm64 armv7 armv7s i386 x86_64";
			};
			name = Release;
		};
/* End XCBuildConfiguration section */

/* Begin XCConfigurationList section */
		1D6058960D05DD3E006BFB54 /* Build configuration list for PBXNativeTarget "BatchModeScanSample" */ = {
			isa = XCConfigurationList;
			buildConfigurations = (
				1D6058940D05DD3E006BFB54 /* Debug */,
				1D6058950D05DD3E006BFB54 /* Release */,
				AAEDE67E1576B78100CD24F5 /* AdHocDistribution */,
			);
			defaultConfigurationIsVisible = 0;
			defaultConfigurationName = Release;
		};
		C01FCF4E08A954540054247B /* Build configuration list for PBXProject "BatchModeScanSample" */ = {
			isa = XCConfigurationList;
			buildConfigurations = (
				C01FCF4F08A954540054247B /* Debug */,
				C01FCF5008A954540054247B /* Release */,
				AAEDE67D1576B78100CD24F5 /* AdHocDistribution */,
			);
			defaultConfigurationIsVisible = 0;
			defaultConfigurationName = Release;
		};
/* End XCConfigurationList section */
	};
	rootObject = 29B97313FDCFA39411CA2CEA /* Project object */;
}
